// !$*UTF8*$!
{
	archiveVersion = 1;
	classes = {
	};
	objectVersion = 50;
	objects = {

/* Begin PBXBuildFile section */
		350A286124E9DCE800E96756 /* CloudKit.framework in Frameworks */ = {isa = PBXBuildFile; fileRef = 350A286024E9DCE800E96756 /* CloudKit.framework */; };
		350A286324E9EA9100E96756 /* TweetTableViewCell.swift in Sources */ = {isa = PBXBuildFile; fileRef = 350A286224E9EA9100E96756 /* TweetTableViewCell.swift */; };
		350A286524E9F6A200E96756 /* CloudViewController.swift in Sources */ = {isa = PBXBuildFile; fileRef = 350A286424E9F6A200E96756 /* CloudViewController.swift */; };
		7E63D99224211AC3000A8D16 /* AppDelegate.swift in Sources */ = {isa = PBXBuildFile; fileRef = 7E63D99124211AC3000A8D16 /* AppDelegate.swift */; };
		7E63D99424211AC3000A8D16 /* SceneDelegate.swift in Sources */ = {isa = PBXBuildFile; fileRef = 7E63D99324211AC3000A8D16 /* SceneDelegate.swift */; };
		7E63D99624211AC3000A8D16 /* CoreDataViewController.swift in Sources */ = {isa = PBXBuildFile; fileRef = 7E63D99524211AC3000A8D16 /* CoreDataViewController.swift */; };
		7E63D99924211AC3000A8D16 /* Main.storyboard in Resources */ = {isa = PBXBuildFile; fileRef = 7E63D99724211AC3000A8D16 /* Main.storyboard */; };
		7E63D99C24211AC3000A8D16 /* CoreDataApp.xcdatamodeld in Sources */ = {isa = PBXBuildFile; fileRef = 7E63D99A24211AC3000A8D16 /* CoreDataApp.xcdatamodeld */; };
		7E63D99E24211AC6000A8D16 /* Assets.xcassets in Resources */ = {isa = PBXBuildFile; fileRef = 7E63D99D24211AC6000A8D16 /* Assets.xcassets */; };
		7E63D9A124211AC6000A8D16 /* LaunchScreen.storyboard in Resources */ = {isa = PBXBuildFile; fileRef = 7E63D99F24211AC6000A8D16 /* LaunchScreen.storyboard */; };
		7E63D9A924212573000A8D16 /* Tweet.swift in Sources */ = {isa = PBXBuildFile; fileRef = 7E63D9A824212573000A8D16 /* Tweet.swift */; };
		7E63D9AB24212682000A8D16 /* TwitterUser.swift in Sources */ = {isa = PBXBuildFile; fileRef = 7E63D9AA24212682000A8D16 /* TwitterUser.swift */; };
/* End PBXBuildFile section */

/* Begin PBXFileReference section */
		350A285E24E9DC0E00E96756 /* CoreDataApp.entitlements */ = {isa = PBXFileReference; lastKnownFileType = text.plist.entitlements; path = CoreDataApp.entitlements; sourceTree = "<group>"; };
		350A286024E9DCE800E96756 /* CloudKit.framework */ = {isa = PBXFileReference; lastKnownFileType = wrapper.framework; name = CloudKit.framework; path = System/Library/Frameworks/CloudKit.framework; sourceTree = SDKROOT; };
		350A286224E9EA9100E96756 /* TweetTableViewCell.swift */ = {isa = PBXFileReference; lastKnownFileType = sourcecode.swift; path = TweetTableViewCell.swift; sourceTree = "<group>"; };
		350A286424E9F6A200E96756 /* CloudViewController.swift */ = {isa = PBXFileReference; lastKnownFileType = sourcecode.swift; path = CloudViewController.swift; sourceTree = "<group>"; };
		7E63D98E24211AC3000A8D16 /* Fake Twitter.app */ = {isa = PBXFileReference; explicitFileType = wrapper.application; includeInIndex = 0; path = "Fake Twitter.app"; sourceTree = BUILT_PRODUCTS_DIR; };
		7E63D99124211AC3000A8D16 /* AppDelegate.swift */ = {isa = PBXFileReference; lastKnownFileType = sourcecode.swift; path = AppDelegate.swift; sourceTree = "<group>"; };
		7E63D99324211AC3000A8D16 /* SceneDelegate.swift */ = {isa = PBXFileReference; lastKnownFileType = sourcecode.swift; path = SceneDelegate.swift; sourceTree = "<group>"; };
		7E63D99524211AC3000A8D16 /* CoreDataViewController.swift */ = {isa = PBXFileReference; lastKnownFileType = sourcecode.swift; path = CoreDataViewController.swift; sourceTree = "<group>"; };
		7E63D99824211AC3000A8D16 /* Base */ = {isa = PBXFileReference; lastKnownFileType = file.storyboard; name = Base; path = Base.lproj/Main.storyboard; sourceTree = "<group>"; };
		7E63D99B24211AC3000A8D16 /* CoreDataApp.xcdatamodel */ = {isa = PBXFileReference; lastKnownFileType = wrapper.xcdatamodel; path = CoreDataApp.xcdatamodel; sourceTree = "<group>"; };
		7E63D99D24211AC6000A8D16 /* Assets.xcassets */ = {isa = PBXFileReference; lastKnownFileType = folder.assetcatalog; path = Assets.xcassets; sourceTree = "<group>"; };
		7E63D9A024211AC6000A8D16 /* Base */ = {isa = PBXFileReference; lastKnownFileType = file.storyboard; name = Base; path = Base.lproj/LaunchScreen.storyboard; sourceTree = "<group>"; };
		7E63D9A224211AC6000A8D16 /* Info.plist */ = {isa = PBXFileReference; lastKnownFileType = text.plist.xml; path = Info.plist; sourceTree = "<group>"; };
		7E63D9A824212573000A8D16 /* Tweet.swift */ = {isa = PBXFileReference; lastKnownFileType = sourcecode.swift; path = Tweet.swift; sourceTree = "<group>"; };
		7E63D9AA24212682000A8D16 /* TwitterUser.swift */ = {isa = PBXFileReference; lastKnownFileType = sourcecode.swift; path = TwitterUser.swift; sourceTree = "<group>"; };
/* End PBXFileReference section */

/* Begin PBXFrameworksBuildPhase section */
		7E63D98B24211AC3000A8D16 /* Frameworks */ = {
			isa = PBXFrameworksBuildPhase;
			buildActionMask = 2147483647;
			files = (
				350A286124E9DCE800E96756 /* CloudKit.framework in Frameworks */,
			);
			runOnlyForDeploymentPostprocessing = 0;
		};
/* End PBXFrameworksBuildPhase section */

/* Begin PBXGroup section */
		350A285F24E9DCE800E96756 /* Frameworks */ = {
			isa = PBXGroup;
			children = (
				350A286024E9DCE800E96756 /* CloudKit.framework */,
			);
			name = Frameworks;
			sourceTree = "<group>";
		};
		7E63D98524211AC3000A8D16 = {
			isa = PBXGroup;
			children = (
				7E63D99024211AC3000A8D16 /* CoreDataApp */,
				7E63D98F24211AC3000A8D16 /* Products */,
				350A285F24E9DCE800E96756 /* Frameworks */,
			);
			sourceTree = "<group>";
		};
		7E63D98F24211AC3000A8D16 /* Products */ = {
			isa = PBXGroup;
			children = (
				7E63D98E24211AC3000A8D16 /* Fake Twitter.app */,
			);
			name = Products;
			sourceTree = "<group>";
		};
		7E63D99024211AC3000A8D16 /* CoreDataApp */ = {
			isa = PBXGroup;
			children = (
				350A285E24E9DC0E00E96756 /* CoreDataApp.entitlements */,
				7E63D99124211AC3000A8D16 /* AppDelegate.swift */,
				350A286224E9EA9100E96756 /* TweetTableViewCell.swift */,
				7E63D99324211AC3000A8D16 /* SceneDelegate.swift */,
				7E63D99524211AC3000A8D16 /* CoreDataViewController.swift */,
				7E63D99724211AC3000A8D16 /* Main.storyboard */,
				350A286424E9F6A200E96756 /* CloudViewController.swift */,
				7E63D99D24211AC6000A8D16 /* Assets.xcassets */,
				7E63D99F24211AC6000A8D16 /* LaunchScreen.storyboard */,
				7E63D9A224211AC6000A8D16 /* Info.plist */,
				7E63D9AC24212694000A8D16 /* Core Data */,
			);
			path = CoreDataApp;
			sourceTree = "<group>";
		};
		7E63D9AC24212694000A8D16 /* Core Data */ = {
			isa = PBXGroup;
			children = (
				7E63D99A24211AC3000A8D16 /* CoreDataApp.xcdatamodeld */,
				7E63D9A824212573000A8D16 /* Tweet.swift */,
				7E63D9AA24212682000A8D16 /* TwitterUser.swift */,
			);
			path = "Core Data";
			sourceTree = "<group>";
		};
/* End PBXGroup section */

/* Begin PBXNativeTarget section */
		7E63D98D24211AC3000A8D16 /* CoreDataApp */ = {
			isa = PBXNativeTarget;
			buildConfigurationList = 7E63D9A524211AC6000A8D16 /* Build configuration list for PBXNativeTarget "CoreDataApp" */;
			buildPhases = (
				7E63D98A24211AC3000A8D16 /* Sources */,
				7E63D98B24211AC3000A8D16 /* Frameworks */,
				7E63D98C24211AC3000A8D16 /* Resources */,
			);
			buildRules = (
			);
			dependencies = (
			);
			name = CoreDataApp;
			productName = CoreDataApp;
			productReference = 7E63D98E24211AC3000A8D16 /* Fake Twitter.app */;
			productType = "com.apple.product-type.application";
		};
/* End PBXNativeTarget section */

/* Begin PBXProject section */
		7E63D98624211AC3000A8D16 /* Project object */ = {
			isa = PBXProject;
			attributes = {
				LastSwiftUpdateCheck = 1130;
				LastUpgradeCheck = 1130;
				ORGANIZATIONNAME = "Samuel Brasileiro";
				TargetAttributes = {
					7E63D98D24211AC3000A8D16 = {
						CreatedOnToolsVersion = 11.3.1;
					};
				};
			};
			buildConfigurationList = 7E63D98924211AC3000A8D16 /* Build configuration list for PBXProject "CoreDataApp" */;
			compatibilityVersion = "Xcode 9.3";
			developmentRegion = en;
			hasScannedForEncodings = 0;
			knownRegions = (
				en,
				Base,
			);
			mainGroup = 7E63D98524211AC3000A8D16;
			productRefGroup = 7E63D98F24211AC3000A8D16 /* Products */;
			projectDirPath = "";
			projectRoot = "";
			targets = (
				7E63D98D24211AC3000A8D16 /* CoreDataApp */,
			);
		};
/* End PBXProject section */

/* Begin PBXResourcesBuildPhase section */
		7E63D98C24211AC3000A8D16 /* Resources */ = {
			isa = PBXResourcesBuildPhase;
			buildActionMask = 2147483647;
			files = (
				7E63D9A124211AC6000A8D16 /* LaunchScreen.storyboard in Resources */,
				7E63D99E24211AC6000A8D16 /* Assets.xcassets in Resources */,
				7E63D99924211AC3000A8D16 /* Main.storyboard in Resources */,
			);
			runOnlyForDeploymentPostprocessing = 0;
		};
/* End PBXResourcesBuildPhase section */

/* Begin PBXSourcesBuildPhase section */
		7E63D98A24211AC3000A8D16 /* Sources */ = {
			isa = PBXSourcesBuildPhase;
			buildActionMask = 2147483647;
			files = (
				7E63D99C24211AC3000A8D16 /* CoreDataApp.xcdatamodeld in Sources */,
				7E63D9A924212573000A8D16 /* Tweet.swift in Sources */,
				350A286524E9F6A200E96756 /* CloudViewController.swift in Sources */,
				7E63D9AB24212682000A8D16 /* TwitterUser.swift in Sources */,
				7E63D99624211AC3000A8D16 /* CoreDataViewController.swift in Sources */,
				7E63D99224211AC3000A8D16 /* AppDelegate.swift in Sources */,
				7E63D99424211AC3000A8D16 /* SceneDelegate.swift in Sources */,
				350A286324E9EA9100E96756 /* TweetTableViewCell.swift in Sources */,
			);
			runOnlyForDeploymentPostprocessing = 0;
		};
/* End PBXSourcesBuildPhase section */

/* Begin PBXVariantGroup section */
		7E63D99724211AC3000A8D16 /* Main.storyboard */ = {
			isa = PBXVariantGroup;
			children = (
				7E63D99824211AC3000A8D16 /* Base */,
			);
			name = Main.storyboard;
			sourceTree = "<group>";
		};
		7E63D99F24211AC6000A8D16 /* LaunchScreen.storyboard */ = {
			isa = PBXVariantGroup;
			children = (
				7E63D9A024211AC6000A8D16 /* Base */,
			);
			name = LaunchScreen.storyboard;
			sourceTree = "<group>";
		};
/* End PBXVariantGroup section */

/* Begin XCBuildConfiguration section */
		7E63D9A324211AC6000A8D16 /* Debug */ = {
			isa = XCBuildConfiguration;
			buildSettings = {
				ALWAYS_SEARCH_USER_PATHS = NO;
				CLANG_ANALYZER_NONNULL = YES;
				CLANG_ANALYZER_NUMBER_OBJECT_CONVERSION = YES_AGGRESSIVE;
				CLANG_CXX_LANGUAGE_STANDARD = "gnu++14";
				CLANG_CXX_LIBRARY = "libc++";
				CLANG_ENABLE_MODULES = YES;
				CLANG_ENABLE_OBJC_ARC = YES;
				CLANG_ENABLE_OBJC_WEAK = YES;
				CLANG_WARN_BLOCK_CAPTURE_AUTORELEASING = YES;
				CLANG_WARN_BOOL_CONVERSION = YES;
				CLANG_WARN_COMMA = YES;
				CLANG_WARN_CONSTANT_CONVERSION = YES;
				CLANG_WARN_DEPRECATED_OBJC_IMPLEMENTATIONS = YES;
				CLANG_WARN_DIRECT_OBJC_ISA_USAGE = YES_ERROR;
				CLANG_WARN_DOCUMENTATION_COMMENTS = YES;
				CLANG_WARN_EMPTY_BODY = YES;
				CLANG_WARN_ENUM_CONVERSION = YES;
				CLANG_WARN_INFINITE_RECURSION = YES;
				CLANG_WARN_INT_CONVERSION = YES;
				CLANG_WARN_NON_LITERAL_NULL_CONVERSION = YES;
				CLANG_WARN_OBJC_IMPLICIT_RETAIN_SELF = YES;
				CLANG_WARN_OBJC_LITERAL_CONVERSION = YES;
				CLANG_WARN_OBJC_ROOT_CLASS = YES_ERROR;
				CLANG_WARN_RANGE_LOOP_ANALYSIS = YES;
				CLANG_WARN_STRICT_PROTOTYPES = YES;
				CLANG_WARN_SUSPICIOUS_MOVE = YES;
				CLANG_WARN_UNGUARDED_AVAILABILITY = YES_AGGRESSIVE;
				CLANG_WARN_UNREACHABLE_CODE = YES;
				CLANG_WARN__DUPLICATE_METHOD_MATCH = YES;
				COPY_PHASE_STRIP = NO;
				DEBUG_INFORMATION_FORMAT = dwarf;
				ENABLE_STRICT_OBJC_MSGSEND = YES;
				ENABLE_TESTABILITY = YES;
				GCC_C_LANGUAGE_STANDARD = gnu11;
				GCC_DYNAMIC_NO_PIC = NO;
				GCC_NO_COMMON_BLOCKS = YES;
				GCC_OPTIMIZATION_LEVEL = 0;
				GCC_PREPROCESSOR_DEFINITIONS = (
					"DEBUG=1",
					"$(inherited)",
				);
				GCC_WARN_64_TO_32_BIT_CONVERSION = YES;
				GCC_WARN_ABOUT_RETURN_TYPE = YES_ERROR;
				GCC_WARN_UNDECLARED_SELECTOR = YES;
				GCC_WARN_UNINITIALIZED_AUTOS = YES_AGGRESSIVE;
				GCC_WARN_UNUSED_FUNCTION = YES;
				GCC_WARN_UNUSED_VARIABLE = YES;
				IPHONEOS_DEPLOYMENT_TARGET = 13.2;
				MTL_ENABLE_DEBUG_INFO = INCLUDE_SOURCE;
				MTL_FAST_MATH = YES;
				ONLY_ACTIVE_ARCH = YES;
				SDKROOT = iphoneos;
				SWIFT_ACTIVE_COMPILATION_CONDITIONS = DEBUG;
				SWIFT_OPTIMIZATION_LEVEL = "-Onone";
			};
			name = Debug;
		};
		7E63D9A424211AC6000A8D16 /* Release */ = {
			isa = XCBuildConfiguration;
			buildSettings = {
				ALWAYS_SEARCH_USER_PATHS = NO;
				CLANG_ANALYZER_NONNULL = YES;
				CLANG_ANALYZER_NUMBER_OBJECT_CONVERSION = YES_AGGRESSIVE;
				CLANG_CXX_LANGUAGE_STANDARD = "gnu++14";
				CLANG_CXX_LIBRARY = "libc++";
				CLANG_ENABLE_MODULES = YES;
				CLANG_ENABLE_OBJC_ARC = YES;
				CLANG_ENABLE_OBJC_WEAK = YES;
				CLANG_WARN_BLOCK_CAPTURE_AUTORELEASING = YES;
				CLANG_WARN_BOOL_CONVERSION = YES;
				CLANG_WARN_COMMA = YES;
				CLANG_WARN_CONSTANT_CONVERSION = YES;
				CLANG_WARN_DEPRECATED_OBJC_IMPLEMENTATIONS = YES;
				CLANG_WARN_DIRECT_OBJC_ISA_USAGE = YES_ERROR;
				CLANG_WARN_DOCUMENTATION_COMMENTS = YES;
				CLANG_WARN_EMPTY_BODY = YES;
				CLANG_WARN_ENUM_CONVERSION = YES;
				CLANG_WARN_INFINITE_RECURSION = YES;
				CLANG_WARN_INT_CONVERSION = YES;
				CLANG_WARN_NON_LITERAL_NULL_CONVERSION = YES;
				CLANG_WARN_OBJC_IMPLICIT_RETAIN_SELF = YES;
				CLANG_WARN_OBJC_LITERAL_CONVERSION = YES;
				CLANG_WARN_OBJC_ROOT_CLASS = YES_ERROR;
				CLANG_WARN_RANGE_LOOP_ANALYSIS = YES;
				CLANG_WARN_STRICT_PROTOTYPES = YES;
				CLANG_WARN_SUSPICIOUS_MOVE = YES;
				CLANG_WARN_UNGUARDED_AVAILABILITY = YES_AGGRESSIVE;
				CLANG_WARN_UNREACHABLE_CODE = YES;
				CLANG_WARN__DUPLICATE_METHOD_MATCH = YES;
				COPY_PHASE_STRIP = NO;
				DEBUG_INFORMATION_FORMAT = "dwarf-with-dsym";
				ENABLE_NS_ASSERTIONS = NO;
				ENABLE_STRICT_OBJC_MSGSEND = YES;
				GCC_C_LANGUAGE_STANDARD = gnu11;
				GCC_NO_COMMON_BLOCKS = YES;
				GCC_WARN_64_TO_32_BIT_CONVERSION = YES;
				GCC_WARN_ABOUT_RETURN_TYPE = YES_ERROR;
				GCC_WARN_UNDECLARED_SELECTOR = YES;
				GCC_WARN_UNINITIALIZED_AUTOS = YES_AGGRESSIVE;
				GCC_WARN_UNUSED_FUNCTION = YES;
				GCC_WARN_UNUSED_VARIABLE = YES;
				IPHONEOS_DEPLOYMENT_TARGET = 13.2;
				MTL_ENABLE_DEBUG_INFO = NO;
				MTL_FAST_MATH = YES;
				SDKROOT = iphoneos;
				SWIFT_COMPILATION_MODE = wholemodule;
				SWIFT_OPTIMIZATION_LEVEL = "-O";
				VALIDATE_PRODUCT = YES;
			};
			name = Release;
		};
		7E63D9A624211AC6000A8D16 /* Debug */ = {
			isa = XCBuildConfiguration;
			buildSettings = {
				ASSETCATALOG_COMPILER_APPICON_NAME = AppIcon;
				CODE_SIGN_ENTITLEMENTS = CoreDataApp/CoreDataApp.entitlements;
				CODE_SIGN_STYLE = Automatic;
				CURRENT_PROJECT_VERSION = 2;
				DEVELOPMENT_TEAM = P63952MS7L;
				INFOPLIST_FILE = CoreDataApp/Info.plist;
				LD_RUNPATH_SEARCH_PATHS = (
					"$(inherited)",
					"@executable_path/Frameworks",
				);
				MARKETING_VERSION = 1.0;
				PRODUCT_BUNDLE_IDENTIFIER = samuel.CoreDataApp;
				PRODUCT_NAME = "Fake Twitter";
				SWIFT_VERSION = 5.0;
				TARGETED_DEVICE_FAMILY = "1,2";
			};
			name = Debug;
		};
		7E63D9A724211AC6000A8D16 /* Release */ = {
			isa = XCBuildConfiguration;
			buildSettings = {
				ASSETCATALOG_COMPILER_APPICON_NAME = AppIcon;
				CODE_SIGN_ENTITLEMENTS = CoreDataApp/CoreDataApp.entitlements;
				CODE_SIGN_STYLE = Automatic;
				CURRENT_PROJECT_VERSION = 2;
				DEVELOPMENT_TEAM = P63952MS7L;
				INFOPLIST_FILE = CoreDataApp/Info.plist;
				LD_RUNPATH_SEARCH_PATHS = (
					"$(inherited)",
					"@executable_path/Frameworks",
				);
				MARKETING_VERSION = 1.0;
				PRODUCT_BUNDLE_IDENTIFIER = samuel.CoreDataApp;
				PRODUCT_NAME = "Fake Twitter";
				SWIFT_VERSION = 5.0;
				TARGETED_DEVICE_FAMILY = "1,2";
			};
			name = Release;
		};
/* End XCBuildConfiguration section */

/* Begin XCConfigurationList section */
		7E63D98924211AC3000A8D16 /* Build configuration list for PBXProject "CoreDataApp" */ = {
			isa = XCConfigurationList;
			buildConfigurations = (
				7E63D9A324211AC6000A8D16 /* Debug */,
				7E63D9A424211AC6000A8D16 /* Release */,
			);
			defaultConfigurationIsVisible = 0;
			defaultConfigurationName = Release;
		};
		7E63D9A524211AC6000A8D16 /* Build configuration list for PBXNativeTarget "CoreDataApp" */ = {
			isa = XCConfigurationList;
			buildConfigurations = (
				7E63D9A624211AC6000A8D16 /* Debug */,
				7E63D9A724211AC6000A8D16 /* Release */,
			);
			defaultConfigurationIsVisible = 0;
			defaultConfigurationName = Release;
		};
/* End XCConfigurationList section */

/* Begin XCVersionGroup section */
		7E63D99A24211AC3000A8D16 /* CoreDataApp.xcdatamodeld */ = {
			isa = XCVersionGroup;
			children = (
				7E63D99B24211AC3000A8D16 /* CoreDataApp.xcdatamodel */,
			);
			currentVersion = 7E63D99B24211AC3000A8D16 /* CoreDataApp.xcdatamodel */;
			path = CoreDataApp.xcdatamodeld;
			sourceTree = "<group>";
			versionGroupType = wrapper.xcdatamodel;
		};
/* End XCVersionGroup section */
	};
	rootObject = 7E63D98624211AC3000A8D16 /* Project object */;
}
